
Microsoft Visual Studio Solution File, Format Version 12.00
# Visual Studio Version 16
VisualStudioVersion = 16.0.31729.503
MinimumVisualStudioVersion = 10.0.40219.1
Project("{2150E333-8FDC-42A3-9474-1A3956D46DE8}") = "package", "package", "{C323318A-8BD2-4648-BD29-B2F268BEEB90}"
EndProject
Project("{2150E333-8FDC-42A3-9474-1A3956D46DE8}") = "src", "src", "{369687E5-DB61-406B-8C24-11517309F1CF}"
EndProject
Project("{2150E333-8FDC-42A3-9474-1A3956D46DE8}") = "bo", "bo", "{C3265008-9D82-4E7D-AFC4-E243407765D6}"
EndProject
Project("{9A19103F-16F7-4668-BE54-9A1E7A4F7556}") = "azicloud.res.bo", "package\src\bo\azicloud.res.bo\azicloud.res.bo.csproj", "{FC202DE2-57CD-4B65-B5C0-C3350A7F6B03}"
EndProject
Project("{2150E333-8FDC-42A3-9474-1A3956D46DE8}") = "src", "src", "{0B59464A-501E-4676-879C-A5E5CEE77B5D}"
EndProject
Project("{2150E333-8FDC-42A3-9474-1A3956D46DE8}") = "modules", "modules", "{1B620861-5524-47BF-B8B9-8B6954D3ABAC}"
EndProject
Project("{9A19103F-16F7-4668-BE54-9A1E7A4F7556}") = "azicloud.res", "src\modules\azicloud.res\azicloud.res.csproj", "{0FB00874-64BC-4231-BC46-62CF6D7E648D}"
EndProject
Project("{9A19103F-16F7-4668-BE54-9A1E7A4F7556}") = "ApiGateway", "src\modules\ApiGateway\ApiGateway.csproj", "{5B17D949-7F9F-4AB8-A118-B37F029EF635}"
EndProject
Global
	GlobalSection(SolutionConfigurationPlatforms) = preSolution
		Debug|Any CPU = Debug|Any CPU
		Release|Any CPU = Release|Any CPU
	EndGlobalSection
	GlobalSection(ProjectConfigurationPlatforms) = postSolution
		{FC202DE2-57CD-4B65-B5C0-C3350A7F6B03}.Debug|Any CPU.ActiveCfg = Debug|Any CPU
		{FC202DE2-57CD-4B65-B5C0-C3350A7F6B03}.Debug|Any CPU.Build.0 = Debug|Any CPU
		{FC202DE2-57CD-4B65-B5C0-C3350A7F6B03}.Release|Any CPU.ActiveCfg = Release|Any CPU
		{FC202DE2-57CD-4B65-B5C0-C3350A7F6B03}.Release|Any CPU.Build.0 = Release|Any CPU
		{0FB00874-64BC-4231-BC46-62CF6D7E648D}.Debug|Any CPU.ActiveCfg = Debug|Any CPU
		{0FB00874-64BC-4231-BC46-62CF6D7E648D}.Debug|Any CPU.Build.0 = Debug|Any CPU
		{0FB00874-64BC-4231-BC46-62CF6D7E648D}.Release|Any CPU.ActiveCfg = Release|Any CPU
		{0FB00874-64BC-4231-BC46-62CF6D7E648D}.Release|Any CPU.Build.0 = Release|Any CPU
		{5B17D949-7F9F-4AB8-A118-B37F029EF635}.Debug|Any CPU.ActiveCfg = Debug|Any CPU
		{5B17D949-7F9F-4AB8-A118-B37F029EF635}.Debug|Any CPU.Build.0 = Debug|Any CPU
		{5B17D949-7F9F-4AB8-A118-B37F029EF635}.Release|Any CPU.ActiveCfg = Release|Any CPU
		{5B17D949-7F9F-4AB8-A118-B37F029EF635}.Release|Any CPU.Build.0 = Release|Any CPU
	EndGlobalSection
	GlobalSection(SolutionProperties) = preSolution
		HideSolutionNode = FALSE
	EndGlobalSection
	GlobalSection(NestedProjects) = preSolution
		{369687E5-DB61-406B-8C24-11517309F1CF} = {C323318A-8BD2-4648-BD29-B2F268BEEB90}
		{C3265008-9D82-4E7D-AFC4-E243407765D6} = {369687E5-DB61-406B-8C24-11517309F1CF}
		{FC202DE2-57CD-4B65-B5C0-C3350A7F6B03} = {C3265008-9D82-4E7D-AFC4-E243407765D6}
		{1B620861-5524-47BF-B8B9-8B6954D3ABAC} = {0B59464A-501E-4676-879C-A5E5CEE77B5D}
		{0FB00874-64BC-4231-BC46-62CF6D7E648D} = {1B620861-5524-47BF-B8B9-8B6954D3ABAC}
		{5B17D949-7F9F-4AB8-A118-B37F029EF635} = {1B620861-5524-47BF-B8B9-8B6954D3ABAC}
	EndGlobalSection
	GlobalSection(ExtensibilityGlobals) = postSolution
		SolutionGuid = {58A88F31-8B35-42AE-8ADD-788CC9968CE3}
	EndGlobalSection
EndGlobal
